// !$*UTF8*$!
{
	archiveVersion = 1;
	classes = {
	};
	objectVersion = 56;
	objects = {

/* Begin PBXBuildFile section */
		99AEBCE92CF7AF7C000B0493 /* GoogleService-Info.plist in Resources */ = {isa = PBXBuildFile; fileRef = 99AEBCE82CF7AF7B000B0493 /* GoogleService-Info.plist */; };
		99AEBCEC2CF7B5BB000B0493 /* FirebaseAnalytics in Frameworks */ = {isa = PBXBuildFile; productRef = 99AEBCEB2CF7B5BB000B0493 /* FirebaseAnalytics */; };
		99AEBCEE2CF7B5BB000B0493 /* FirebaseAnalyticsOnDeviceConversion in Frameworks */ = {isa = PBXBuildFile; productRef = 99AEBCED2CF7B5BB000B0493 /* FirebaseAnalyticsOnDeviceConversion */; };
		99AEBCF02CF7B5BB000B0493 /* FirebaseAnalyticsWithoutAdIdSupport in Frameworks */ = {isa = PBXBuildFile; productRef = 99AEBCEF2CF7B5BB000B0493 /* FirebaseAnalyticsWithoutAdIdSupport */; };
		99AEBCF22CF7B5BB000B0493 /* FirebaseAppCheck in Frameworks */ = {isa = PBXBuildFile; productRef = 99AEBCF12CF7B5BB000B0493 /* FirebaseAppCheck */; };
		99AEBCF42CF7B5BB000B0493 /* FirebaseAppDistribution-Beta in Frameworks */ = {isa = PBXBuildFile; productRef = 99AEBCF32CF7B5BB000B0493 /* FirebaseAppDistribution-Beta */; };
		99AEBCF62CF7B5BB000B0493 /* FirebaseAuth in Frameworks */ = {isa = PBXBuildFile; productRef = 99AEBCF52CF7B5BB000B0493 /* FirebaseAuth */; };
		99AEBCF82CF7B5BB000B0493 /* FirebaseAuthCombine-Community in Frameworks */ = {isa = PBXBuildFile; productRef = 99AEBCF72CF7B5BB000B0493 /* FirebaseAuthCombine-Community */; };
		99AEBCFA2CF7B5BB000B0493 /* FirebaseCore in Frameworks */ = {isa = PBXBuildFile; productRef = 99AEBCF92CF7B5BB000B0493 /* FirebaseCore */; };
		99AEBCFC2CF7B5BB000B0493 /* FirebaseCrashlytics in Frameworks */ = {isa = PBXBuildFile; productRef = 99AEBCFB2CF7B5BB000B0493 /* FirebaseCrashlytics */; };
		99AEBCFE2CF7B5BB000B0493 /* FirebaseDatabase in Frameworks */ = {isa = PBXBuildFile; productRef = 99AEBCFD2CF7B5BB000B0493 /* FirebaseDatabase */; };
		99AEBD002CF7B5BB000B0493 /* FirebaseDynamicLinks in Frameworks */ = {isa = PBXBuildFile; productRef = 99AEBCFF2CF7B5BB000B0493 /* FirebaseDynamicLinks */; };
		99AEBD022CF7B5BB000B0493 /* FirebaseFirestore in Frameworks */ = {isa = PBXBuildFile; productRef = 99AEBD012CF7B5BB000B0493 /* FirebaseFirestore */; };
		99AEBD042CF7B5BB000B0493 /* FirebaseFirestoreCombine-Community in Frameworks */ = {isa = PBXBuildFile; productRef = 99AEBD032CF7B5BB000B0493 /* FirebaseFirestoreCombine-Community */; };
		99AEBD062CF7B5BB000B0493 /* FirebaseFunctions in Frameworks */ = {isa = PBXBuildFile; productRef = 99AEBD052CF7B5BB000B0493 /* FirebaseFunctions */; };
		99AEBD082CF7B5BB000B0493 /* FirebaseFunctionsCombine-Community in Frameworks */ = {isa = PBXBuildFile; productRef = 99AEBD072CF7B5BB000B0493 /* FirebaseFunctionsCombine-Community */; };
		99AEBD0A2CF7B5BB000B0493 /* FirebaseInAppMessaging-Beta in Frameworks */ = {isa = PBXBuildFile; productRef = 99AEBD092CF7B5BB000B0493 /* FirebaseInAppMessaging-Beta */; };
		99AEBD0C2CF7B5BB000B0493 /* FirebaseInstallations in Frameworks */ = {isa = PBXBuildFile; productRef = 99AEBD0B2CF7B5BB000B0493 /* FirebaseInstallations */; };
		99AEBD0E2CF7B5BB000B0493 /* FirebaseMLModelDownloader in Frameworks */ = {isa = PBXBuildFile; productRef = 99AEBD0D2CF7B5BB000B0493 /* FirebaseMLModelDownloader */; };
		99AEBD102CF7B5BB000B0493 /* FirebaseMessaging in Frameworks */ = {isa = PBXBuildFile; productRef = 99AEBD0F2CF7B5BB000B0493 /* FirebaseMessaging */; };
		99AEBD122CF7B5BB000B0493 /* FirebasePerformance in Frameworks */ = {isa = PBXBuildFile; productRef = 99AEBD112CF7B5BB000B0493 /* FirebasePerformance */; };
		99AEBD142CF7B5BB000B0493 /* FirebaseRemoteConfig in Frameworks */ = {isa = PBXBuildFile; productRef = 99AEBD132CF7B5BB000B0493 /* FirebaseRemoteConfig */; };
		99AEBD162CF7B5BB000B0493 /* FirebaseStorage in Frameworks */ = {isa = PBXBuildFile; productRef = 99AEBD152CF7B5BB000B0493 /* FirebaseStorage */; };
		99AEBD182CF7B5BB000B0493 /* FirebaseStorageCombine-Community in Frameworks */ = {isa = PBXBuildFile; productRef = 99AEBD172CF7B5BB000B0493 /* FirebaseStorageCombine-Community */; };
		99AEBD1A2CF7B5BB000B0493 /* FirebaseVertexAI in Frameworks */ = {isa = PBXBuildFile; productRef = 99AEBD192CF7B5BB000B0493 /* FirebaseVertexAI */; };
		99AEBD1C2CF7B661000B0493 /* AuthView.swift in Sources */ = {isa = PBXBuildFile; fileRef = 99AEBD1B2CF7B661000B0493 /* AuthView.swift */; };
		99AEBD202CF7C196000B0493 /* ScoreView.swift in Sources */ = {isa = PBXBuildFile; fileRef = 99AEBD1F2CF7C195000B0493 /* ScoreView.swift */; };
		99AEBD222CF7C1D9000B0493 /* GameView.swift in Sources */ = {isa = PBXBuildFile; fileRef = 99AEBD212CF7C1D9000B0493 /* GameView.swift */; };
		99DF67002CDF96F10058B6B4 /* Flag_GameApp.swift in Sources */ = {isa = PBXBuildFile; fileRef = 99DF66FF2CDF96F10058B6B4 /* Flag_GameApp.swift */; };
		99DF67022CDF96F10058B6B4 /* ContentView.swift in Sources */ = {isa = PBXBuildFile; fileRef = 99DF67012CDF96F10058B6B4 /* ContentView.swift */; };
		99DF67042CDF96F20058B6B4 /* Assets.xcassets in Resources */ = {isa = PBXBuildFile; fileRef = 99DF67032CDF96F20058B6B4 /* Assets.xcassets */; };
		99DF67072CDF96F20058B6B4 /* Preview Assets.xcassets in Resources */ = {isa = PBXBuildFile; fileRef = 99DF67062CDF96F20058B6B4 /* Preview Assets.xcassets */; };
		99DF67112CDF96F20058B6B4 /* Flag_GameTests.swift in Sources */ = {isa = PBXBuildFile; fileRef = 99DF67102CDF96F20058B6B4 /* Flag_GameTests.swift */; };
		99DF671B2CDF96F20058B6B4 /* Flag_GameUITests.swift in Sources */ = {isa = PBXBuildFile; fileRef = 99DF671A2CDF96F20058B6B4 /* Flag_GameUITests.swift */; };
		99DF671D2CDF96F20058B6B4 /* Flag_GameUITestsLaunchTests.swift in Sources */ = {isa = PBXBuildFile; fileRef = 99DF671C2CDF96F20058B6B4 /* Flag_GameUITestsLaunchTests.swift */; };
/* End PBXBuildFile section */

/* Begin PBXContainerItemProxy section */
		99DF670D2CDF96F20058B6B4 /* PBXContainerItemProxy */ = {
			isa = PBXContainerItemProxy;
			containerPortal = 99DF66F42CDF96F10058B6B4 /* Project object */;
			proxyType = 1;
			remoteGlobalIDString = 99DF66FB2CDF96F10058B6B4;
			remoteInfo = "Flag Game";
		};
		99DF67172CDF96F20058B6B4 /* PBXContainerItemProxy */ = {
			isa = PBXContainerItemProxy;
			containerPortal = 99DF66F42CDF96F10058B6B4 /* Project object */;
			proxyType = 1;
			remoteGlobalIDString = 99DF66FB2CDF96F10058B6B4;
			remoteInfo = "Flag Game";
		};
/* End PBXContainerItemProxy section */

/* Begin PBXFileReference section */
		99AEBCE82CF7AF7B000B0493 /* GoogleService-Info.plist */ = {isa = PBXFileReference; fileEncoding = 4; lastKnownFileType = text.plist.xml; path = "GoogleService-Info.plist"; sourceTree = "<group>"; };
		99AEBD1B2CF7B661000B0493 /* AuthView.swift */ = {isa = PBXFileReference; lastKnownFileType = sourcecode.swift; path = AuthView.swift; sourceTree = "<group>"; };
		99AEBD1F2CF7C195000B0493 /* ScoreView.swift */ = {isa = PBXFileReference; lastKnownFileType = sourcecode.swift; path = ScoreView.swift; sourceTree = "<group>"; };
		99AEBD212CF7C1D9000B0493 /* GameView.swift */ = {isa = PBXFileReference; lastKnownFileType = sourcecode.swift; path = GameView.swift; sourceTree = "<group>"; };
		99DF66FC2CDF96F10058B6B4 /* Flag Game.app */ = {isa = PBXFileReference; explicitFileType = wrapper.application; includeInIndex = 0; path = "Flag Game.app"; sourceTree = BUILT_PRODUCTS_DIR; };
		99DF66FF2CDF96F10058B6B4 /* Flag_GameApp.swift */ = {isa = PBXFileReference; lastKnownFileType = sourcecode.swift; path = Flag_GameApp.swift; sourceTree = "<group>"; };
		99DF67012CDF96F10058B6B4 /* ContentView.swift */ = {isa = PBXFileReference; lastKnownFileType = sourcecode.swift; path = ContentView.swift; sourceTree = "<group>"; };
		99DF67032CDF96F20058B6B4 /* Assets.xcassets */ = {isa = PBXFileReference; lastKnownFileType = folder.assetcatalog; path = Assets.xcassets; sourceTree = "<group>"; };
		99DF67062CDF96F20058B6B4 /* Preview Assets.xcassets */ = {isa = PBXFileReference; lastKnownFileType = folder.assetcatalog; path = "Preview Assets.xcassets"; sourceTree = "<group>"; };
		99DF670C2CDF96F20058B6B4 /* Flag GameTests.xctest */ = {isa = PBXFileReference; explicitFileType = wrapper.cfbundle; includeInIndex = 0; path = "Flag GameTests.xctest"; sourceTree = BUILT_PRODUCTS_DIR; };
		99DF67102CDF96F20058B6B4 /* Flag_GameTests.swift */ = {isa = PBXFileReference; lastKnownFileType = sourcecode.swift; path = Flag_GameTests.swift; sourceTree = "<group>"; };
		99DF67162CDF96F20058B6B4 /* Flag GameUITests.xctest */ = {isa = PBXFileReference; explicitFileType = wrapper.cfbundle; includeInIndex = 0; path = "Flag GameUITests.xctest"; sourceTree = BUILT_PRODUCTS_DIR; };
		99DF671A2CDF96F20058B6B4 /* Flag_GameUITests.swift */ = {isa = PBXFileReference; lastKnownFileType = sourcecode.swift; path = Flag_GameUITests.swift; sourceTree = "<group>"; };
		99DF671C2CDF96F20058B6B4 /* Flag_GameUITestsLaunchTests.swift */ = {isa = PBXFileReference; lastKnownFileType = sourcecode.swift; path = Flag_GameUITestsLaunchTests.swift; sourceTree = "<group>"; };
/* End PBXFileReference section */

/* Begin PBXFrameworksBuildPhase section */
		99DF66F92CDF96F10058B6B4 /* Frameworks */ = {
			isa = PBXFrameworksBuildPhase;
			buildActionMask = 2147483647;
			files = (
				99AEBD042CF7B5BB000B0493 /* FirebaseFirestoreCombine-Community in Frameworks */,
				99AEBD1A2CF7B5BB000B0493 /* FirebaseVertexAI in Frameworks */,
				99AEBD062CF7B5BB000B0493 /* FirebaseFunctions in Frameworks */,
				99AEBD122CF7B5BB000B0493 /* FirebasePerformance in Frameworks */,
				99AEBD182CF7B5BB000B0493 /* FirebaseStorageCombine-Community in Frameworks */,
				99AEBD142CF7B5BB000B0493 /* FirebaseRemoteConfig in Frameworks */,
				99AEBCFE2CF7B5BB000B0493 /* FirebaseDatabase in Frameworks */,
				99AEBD002CF7B5BB000B0493 /* FirebaseDynamicLinks in Frameworks */,
				99AEBCF22CF7B5BB000B0493 /* FirebaseAppCheck in Frameworks */,
				99AEBCF62CF7B5BB000B0493 /* FirebaseAuth in Frameworks */,
				99AEBCEC2CF7B5BB000B0493 /* FirebaseAnalytics in Frameworks */,
				99AEBD022CF7B5BB000B0493 /* FirebaseFirestore in Frameworks */,
				99AEBD102CF7B5BB000B0493 /* FirebaseMessaging in Frameworks */,
				99AEBD0C2CF7B5BB000B0493 /* FirebaseInstallations in Frameworks */,
				99AEBD082CF7B5BB000B0493 /* FirebaseFunctionsCombine-Community in Frameworks */,
				99AEBCF42CF7B5BB000B0493 /* FirebaseAppDistribution-Beta in Frameworks */,
				99AEBCF02CF7B5BB000B0493 /* FirebaseAnalyticsWithoutAdIdSupport in Frameworks */,
				99AEBD0A2CF7B5BB000B0493 /* FirebaseInAppMessaging-Beta in Frameworks */,
				99AEBCF82CF7B5BB000B0493 /* FirebaseAuthCombine-Community in Frameworks */,
				99AEBCFC2CF7B5BB000B0493 /* FirebaseCrashlytics in Frameworks */,
				99AEBD0E2CF7B5BB000B0493 /* FirebaseMLModelDownloader in Frameworks */,
				99AEBD162CF7B5BB000B0493 /* FirebaseStorage in Frameworks */,
				99AEBCFA2CF7B5BB000B0493 /* FirebaseCore in Frameworks */,
				99AEBCEE2CF7B5BB000B0493 /* FirebaseAnalyticsOnDeviceConversion in Frameworks */,
			);
			runOnlyForDeploymentPostprocessing = 0;
		};
		99DF67092CDF96F20058B6B4 /* Frameworks */ = {
			isa = PBXFrameworksBuildPhase;
			buildActionMask = 2147483647;
			files = (
			);
			runOnlyForDeploymentPostprocessing = 0;
		};
		99DF67132CDF96F20058B6B4 /* Frameworks */ = {
			isa = PBXFrameworksBuildPhase;
			buildActionMask = 2147483647;
			files = (
			);
			runOnlyForDeploymentPostprocessing = 0;
		};
/* End PBXFrameworksBuildPhase section */

/* Begin PBXGroup section */
		99DF66F32CDF96F10058B6B4 = {
			isa = PBXGroup;
			children = (
				99DF66FE2CDF96F10058B6B4 /* Flag Game */,
				99DF670F2CDF96F20058B6B4 /* Flag GameTests */,
				99DF67192CDF96F20058B6B4 /* Flag GameUITests */,
				99DF66FD2CDF96F10058B6B4 /* Products */,
			);
			sourceTree = "<group>";
		};
		99DF66FD2CDF96F10058B6B4 /* Products */ = {
			isa = PBXGroup;
			children = (
				99DF66FC2CDF96F10058B6B4 /* Flag Game.app */,
				99DF670C2CDF96F20058B6B4 /* Flag GameTests.xctest */,
				99DF67162CDF96F20058B6B4 /* Flag GameUITests.xctest */,
			);
			name = Products;
			sourceTree = "<group>";
		};
		99DF66FE2CDF96F10058B6B4 /* Flag Game */ = {
			isa = PBXGroup;
			children = (
				99AEBCE82CF7AF7B000B0493 /* GoogleService-Info.plist */,
				99DF66FF2CDF96F10058B6B4 /* Flag_GameApp.swift */,
				99DF67012CDF96F10058B6B4 /* ContentView.swift */,
				99AEBD1F2CF7C195000B0493 /* ScoreView.swift */,
				99AEBD212CF7C1D9000B0493 /* GameView.swift */,
				99DF67032CDF96F20058B6B4 /* Assets.xcassets */,
				99DF67052CDF96F20058B6B4 /* Preview Content */,
				99AEBD1B2CF7B661000B0493 /* AuthView.swift */,
			);
			path = "Flag Game";
			sourceTree = "<group>";
		};
		99DF67052CDF96F20058B6B4 /* Preview Content */ = {
			isa = PBXGroup;
			children = (
				99DF67062CDF96F20058B6B4 /* Preview Assets.xcassets */,
			);
			path = "Preview Content";
			sourceTree = "<group>";
		};
		99DF670F2CDF96F20058B6B4 /* Flag GameTests */ = {
			isa = PBXGroup;
			children = (
				99DF67102CDF96F20058B6B4 /* Flag_GameTests.swift */,
			);
			path = "Flag GameTests";
			sourceTree = "<group>";
		};
		99DF67192CDF96F20058B6B4 /* Flag GameUITests */ = {
			isa = PBXGroup;
			children = (
				99DF671A2CDF96F20058B6B4 /* Flag_GameUITests.swift */,
				99DF671C2CDF96F20058B6B4 /* Flag_GameUITestsLaunchTests.swift */,
			);
			path = "Flag GameUITests";
			sourceTree = "<group>";
		};
/* End PBXGroup section */

/* Begin PBXNativeTarget section */
		99DF66FB2CDF96F10058B6B4 /* Flag Game */ = {
			isa = PBXNativeTarget;
			buildConfigurationList = 99DF67202CDF96F20058B6B4 /* Build configuration list for PBXNativeTarget "Flag Game" */;
			buildPhases = (
				99DF66F82CDF96F10058B6B4 /* Sources */,
				99DF66F92CDF96F10058B6B4 /* Frameworks */,
				99DF66FA2CDF96F10058B6B4 /* Resources */,
			);
			buildRules = (
			);
			dependencies = (
			);
			name = "Flag Game";
			packageProductDependencies = (
				99AEBCEB2CF7B5BB000B0493 /* FirebaseAnalytics */,
				99AEBCED2CF7B5BB000B0493 /* FirebaseAnalyticsOnDeviceConversion */,
				99AEBCEF2CF7B5BB000B0493 /* FirebaseAnalyticsWithoutAdIdSupport */,
				99AEBCF12CF7B5BB000B0493 /* FirebaseAppCheck */,
				99AEBCF32CF7B5BB000B0493 /* FirebaseAppDistribution-Beta */,
				99AEBCF52CF7B5BB000B0493 /* FirebaseAuth */,
				99AEBCF72CF7B5BB000B0493 /* FirebaseAuthCombine-Community */,
				99AEBCF92CF7B5BB000B0493 /* FirebaseCore */,
				99AEBCFB2CF7B5BB000B0493 /* FirebaseCrashlytics */,
				99AEBCFD2CF7B5BB000B0493 /* FirebaseDatabase */,
				99AEBCFF2CF7B5BB000B0493 /* FirebaseDynamicLinks */,
				99AEBD012CF7B5BB000B0493 /* FirebaseFirestore */,
				99AEBD032CF7B5BB000B0493 /* FirebaseFirestoreCombine-Community */,
				99AEBD052CF7B5BB000B0493 /* FirebaseFunctions */,
				99AEBD072CF7B5BB000B0493 /* FirebaseFunctionsCombine-Community */,
				99AEBD092CF7B5BB000B0493 /* FirebaseInAppMessaging-Beta */,
				99AEBD0B2CF7B5BB000B0493 /* FirebaseInstallations */,
				99AEBD0D2CF7B5BB000B0493 /* FirebaseMLModelDownloader */,
				99AEBD0F2CF7B5BB000B0493 /* FirebaseMessaging */,
				99AEBD112CF7B5BB000B0493 /* FirebasePerformance */,
				99AEBD132CF7B5BB000B0493 /* FirebaseRemoteConfig */,
				99AEBD152CF7B5BB000B0493 /* FirebaseStorage */,
				99AEBD172CF7B5BB000B0493 /* FirebaseStorageCombine-Community */,
				99AEBD192CF7B5BB000B0493 /* FirebaseVertexAI */,
			);
			productName = "Flag Game";
			productReference = 99DF66FC2CDF96F10058B6B4 /* Flag Game.app */;
			productType = "com.apple.product-type.application";
		};
		99DF670B2CDF96F20058B6B4 /* Flag GameTests */ = {
			isa = PBXNativeTarget;
			buildConfigurationList = 99DF67232CDF96F20058B6B4 /* Build configuration list for PBXNativeTarget "Flag GameTests" */;
			buildPhases = (
				99DF67082CDF96F20058B6B4 /* Sources */,
				99DF67092CDF96F20058B6B4 /* Frameworks */,
				99DF670A2CDF96F20058B6B4 /* Resources */,
			);
			buildRules = (
			);
			dependencies = (
				99DF670E2CDF96F20058B6B4 /* PBXTargetDependency */,
			);
			name = "Flag GameTests";
			productName = "Flag GameTests";
			productReference = 99DF670C2CDF96F20058B6B4 /* Flag GameTests.xctest */;
			productType = "com.apple.product-type.bundle.unit-test";
		};
		99DF67152CDF96F20058B6B4 /* Flag GameUITests */ = {
			isa = PBXNativeTarget;
			buildConfigurationList = 99DF67262CDF96F20058B6B4 /* Build configuration list for PBXNativeTarget "Flag GameUITests" */;
			buildPhases = (
				99DF67122CDF96F20058B6B4 /* Sources */,
				99DF67132CDF96F20058B6B4 /* Frameworks */,
				99DF67142CDF96F20058B6B4 /* Resources */,
			);
			buildRules = (
			);
			dependencies = (
				99DF67182CDF96F20058B6B4 /* PBXTargetDependency */,
			);
			name = "Flag GameUITests";
			productName = "Flag GameUITests";
			productReference = 99DF67162CDF96F20058B6B4 /* Flag GameUITests.xctest */;
			productType = "com.apple.product-type.bundle.ui-testing";
		};
/* End PBXNativeTarget section */

/* Begin PBXProject section */
		99DF66F42CDF96F10058B6B4 /* Project object */ = {
			isa = PBXProject;
			attributes = {
				BuildIndependentTargetsInParallel = 1;
				LastSwiftUpdateCheck = 1500;
				LastUpgradeCheck = 1500;
				TargetAttributes = {
					99DF66FB2CDF96F10058B6B4 = {
						CreatedOnToolsVersion = 15.0.1;
					};
					99DF670B2CDF96F20058B6B4 = {
						CreatedOnToolsVersion = 15.0.1;
						TestTargetID = 99DF66FB2CDF96F10058B6B4;
					};
					99DF67152CDF96F20058B6B4 = {
						CreatedOnToolsVersion = 15.0.1;
						TestTargetID = 99DF66FB2CDF96F10058B6B4;
					};
				};
			};
			buildConfigurationList = 99DF66F72CDF96F10058B6B4 /* Build configuration list for PBXProject "Flag Game" */;
			compatibilityVersion = "Xcode 14.0";
			developmentRegion = en;
			hasScannedForEncodings = 0;
			knownRegions = (
				en,
				Base,
			);
			mainGroup = 99DF66F32CDF96F10058B6B4;
			packageReferences = (
				99AEBCEA2CF7B123000B0493 /* XCRemoteSwiftPackageReference "firebase-ios-sdk" */,
			);
			productRefGroup = 99DF66FD2CDF96F10058B6B4 /* Products */;
			projectDirPath = "";
			projectRoot = "";
			targets = (
				99DF66FB2CDF96F10058B6B4 /* Flag Game */,
				99DF670B2CDF96F20058B6B4 /* Flag GameTests */,
				99DF67152CDF96F20058B6B4 /* Flag GameUITests */,
			);
		};
/* End PBXProject section */

/* Begin PBXResourcesBuildPhase section */
		99DF66FA2CDF96F10058B6B4 /* Resources */ = {
			isa = PBXResourcesBuildPhase;
			buildActionMask = 2147483647;
			files = (
				99DF67072CDF96F20058B6B4 /* Preview Assets.xcassets in Resources */,
				99AEBCE92CF7AF7C000B0493 /* GoogleService-Info.plist in Resources */,
				99DF67042CDF96F20058B6B4 /* Assets.xcassets in Resources */,
			);
			runOnlyForDeploymentPostprocessing = 0;
		};
		99DF670A2CDF96F20058B6B4 /* Resources */ = {
			isa = PBXResourcesBuildPhase;
			buildActionMask = 2147483647;
			files = (
			);
			runOnlyForDeploymentPostprocessing = 0;
		};
		99DF67142CDF96F20058B6B4 /* Resources */ = {
			isa = PBXResourcesBuildPhase;
			buildActionMask = 2147483647;
			files = (
			);
			runOnlyForDeploymentPostprocessing = 0;
		};
/* End PBXResourcesBuildPhase section */

/* Begin PBXSourcesBuildPhase section */
		99DF66F82CDF96F10058B6B4 /* Sources */ = {
			isa = PBXSourcesBuildPhase;
			buildActionMask = 2147483647;
			files = (
				99DF67022CDF96F10058B6B4 /* ContentView.swift in Sources */,
				99AEBD202CF7C196000B0493 /* ScoreView.swift in Sources */,
				99DF67002CDF96F10058B6B4 /* Flag_GameApp.swift in Sources */,
				99AEBD1C2CF7B661000B0493 /* AuthView.swift in Sources */,
				99AEBD222CF7C1D9000B0493 /* GameView.swift in Sources */,
			);
			runOnlyForDeploymentPostprocessing = 0;
		};
		99DF67082CDF96F20058B6B4 /* Sources */ = {
			isa = PBXSourcesBuildPhase;
			buildActionMask = 2147483647;
			files = (
				99DF67112CDF96F20058B6B4 /* Flag_GameTests.swift in Sources */,
			);
			runOnlyForDeploymentPostprocessing = 0;
		};
		99DF67122CDF96F20058B6B4 /* Sources */ = {
			isa = PBXSourcesBuildPhase;
			buildActionMask = 2147483647;
			files = (
				99DF671D2CDF96F20058B6B4 /* Flag_GameUITestsLaunchTests.swift in Sources */,
				99DF671B2CDF96F20058B6B4 /* Flag_GameUITests.swift in Sources */,
			);
			runOnlyForDeploymentPostprocessing = 0;
		};
/* End PBXSourcesBuildPhase section */

/* Begin PBXTargetDependency section */
		99DF670E2CDF96F20058B6B4 /* PBXTargetDependency */ = {
			isa = PBXTargetDependency;
			target = 99DF66FB2CDF96F10058B6B4 /* Flag Game */;
			targetProxy = 99DF670D2CDF96F20058B6B4 /* PBXContainerItemProxy */;
		};
		99DF67182CDF96F20058B6B4 /* PBXTargetDependency */ = {
			isa = PBXTargetDependency;
			target = 99DF66FB2CDF96F10058B6B4 /* Flag Game */;
			targetProxy = 99DF67172CDF96F20058B6B4 /* PBXContainerItemProxy */;
		};
/* End PBXTargetDependency section */

/* Begin XCBuildConfiguration section */
		99DF671E2CDF96F20058B6B4 /* Debug */ = {
			isa = XCBuildConfiguration;
			buildSettings = {
				ALWAYS_SEARCH_USER_PATHS = NO;
				ASSETCATALOG_COMPILER_GENERATE_SWIFT_ASSET_SYMBOL_EXTENSIONS = YES;
				CLANG_ANALYZER_NONNULL = YES;
				CLANG_ANALYZER_NUMBER_OBJECT_CONVERSION = YES_AGGRESSIVE;
				CLANG_CXX_LANGUAGE_STANDARD = "gnu++20";
				CLANG_ENABLE_MODULES = YES;
				CLANG_ENABLE_OBJC_ARC = YES;
				CLANG_ENABLE_OBJC_WEAK = YES;
				CLANG_WARN_BLOCK_CAPTURE_AUTORELEASING = YES;
				CLANG_WARN_BOOL_CONVERSION = YES;
				CLANG_WARN_COMMA = YES;
				CLANG_WARN_CONSTANT_CONVERSION = YES;
				CLANG_WARN_DEPRECATED_OBJC_IMPLEMENTATIONS = YES;
				CLANG_WARN_DIRECT_OBJC_ISA_USAGE = YES_ERROR;
				CLANG_WARN_DOCUMENTATION_COMMENTS = YES;
				CLANG_WARN_EMPTY_BODY = YES;
				CLANG_WARN_ENUM_CONVERSION = YES;
				CLANG_WARN_INFINITE_RECURSION = YES;
				CLANG_WARN_INT_CONVERSION = YES;
				CLANG_WARN_NON_LITERAL_NULL_CONVERSION = YES;
				CLANG_WARN_OBJC_IMPLICIT_RETAIN_SELF = YES;
				CLANG_WARN_OBJC_LITERAL_CONVERSION = YES;
				CLANG_WARN_OBJC_ROOT_CLASS = YES_ERROR;
				CLANG_WARN_QUOTED_INCLUDE_IN_FRAMEWORK_HEADER = YES;
				CLANG_WARN_RANGE_LOOP_ANALYSIS = YES;
				CLANG_WARN_STRICT_PROTOTYPES = YES;
				CLANG_WARN_SUSPICIOUS_MOVE = YES;
				CLANG_WARN_UNGUARDED_AVAILABILITY = YES_AGGRESSIVE;
				CLANG_WARN_UNREACHABLE_CODE = YES;
				CLANG_WARN__DUPLICATE_METHOD_MATCH = YES;
				COPY_PHASE_STRIP = NO;
				DEBUG_INFORMATION_FORMAT = dwarf;
				ENABLE_STRICT_OBJC_MSGSEND = YES;
				ENABLE_TESTABILITY = YES;
				ENABLE_USER_SCRIPT_SANDBOXING = YES;
				GCC_C_LANGUAGE_STANDARD = gnu17;
				GCC_DYNAMIC_NO_PIC = NO;
				GCC_NO_COMMON_BLOCKS = YES;
				GCC_OPTIMIZATION_LEVEL = 0;
				GCC_PREPROCESSOR_DEFINITIONS = (
					"DEBUG=1",
					"$(inherited)",
				);
				GCC_WARN_64_TO_32_BIT_CONVERSION = YES;
				GCC_WARN_ABOUT_RETURN_TYPE = YES_ERROR;
				GCC_WARN_UNDECLARED_SELECTOR = YES;
				GCC_WARN_UNINITIALIZED_AUTOS = YES_AGGRESSIVE;
				GCC_WARN_UNUSED_FUNCTION = YES;
				GCC_WARN_UNUSED_VARIABLE = YES;
				IPHONEOS_DEPLOYMENT_TARGET = 17.0;
				LOCALIZATION_PREFERS_STRING_CATALOGS = YES;
				MTL_ENABLE_DEBUG_INFO = INCLUDE_SOURCE;
				MTL_FAST_MATH = YES;
				ONLY_ACTIVE_ARCH = YES;
				SDKROOT = iphoneos;
				SWIFT_ACTIVE_COMPILATION_CONDITIONS = "DEBUG $(inherited)";
				SWIFT_OPTIMIZATION_LEVEL = "-Onone";
			};
			name = Debug;
		};
		99DF671F2CDF96F20058B6B4 /* Release */ = {
			isa = XCBuildConfiguration;
			buildSettings = {
				ALWAYS_SEARCH_USER_PATHS = NO;
				ASSETCATALOG_COMPILER_GENERATE_SWIFT_ASSET_SYMBOL_EXTENSIONS = YES;
				CLANG_ANALYZER_NONNULL = YES;
				CLANG_ANALYZER_NUMBER_OBJECT_CONVERSION = YES_AGGRESSIVE;
				CLANG_CXX_LANGUAGE_STANDARD = "gnu++20";
				CLANG_ENABLE_MODULES = YES;
				CLANG_ENABLE_OBJC_ARC = YES;
				CLANG_ENABLE_OBJC_WEAK = YES;
				CLANG_WARN_BLOCK_CAPTURE_AUTORELEASING = YES;
				CLANG_WARN_BOOL_CONVERSION = YES;
				CLANG_WARN_COMMA = YES;
				CLANG_WARN_CONSTANT_CONVERSION = YES;
				CLANG_WARN_DEPRECATED_OBJC_IMPLEMENTATIONS = YES;
				CLANG_WARN_DIRECT_OBJC_ISA_USAGE = YES_ERROR;
				CLANG_WARN_DOCUMENTATION_COMMENTS = YES;
				CLANG_WARN_EMPTY_BODY = YES;
				CLANG_WARN_ENUM_CONVERSION = YES;
				CLANG_WARN_INFINITE_RECURSION = YES;
				CLANG_WARN_INT_CONVERSION = YES;
				CLANG_WARN_NON_LITERAL_NULL_CONVERSION = YES;
				CLANG_WARN_OBJC_IMPLICIT_RETAIN_SELF = YES;
				CLANG_WARN_OBJC_LITERAL_CONVERSION = YES;
				CLANG_WARN_OBJC_ROOT_CLASS = YES_ERROR;
				CLANG_WARN_QUOTED_INCLUDE_IN_FRAMEWORK_HEADER = YES;
				CLANG_WARN_RANGE_LOOP_ANALYSIS = YES;
				CLANG_WARN_STRICT_PROTOTYPES = YES;
				CLANG_WARN_SUSPICIOUS_MOVE = YES;
				CLANG_WARN_UNGUARDED_AVAILABILITY = YES_AGGRESSIVE;
				CLANG_WARN_UNREACHABLE_CODE = YES;
				CLANG_WARN__DUPLICATE_METHOD_MATCH = YES;
				COPY_PHASE_STRIP = NO;
				DEBUG_INFORMATION_FORMAT = "dwarf-with-dsym";
				ENABLE_NS_ASSERTIONS = NO;
				ENABLE_STRICT_OBJC_MSGSEND = YES;
				ENABLE_USER_SCRIPT_SANDBOXING = YES;
				GCC_C_LANGUAGE_STANDARD = gnu17;
				GCC_NO_COMMON_BLOCKS = YES;
				GCC_WARN_64_TO_32_BIT_CONVERSION = YES;
				GCC_WARN_ABOUT_RETURN_TYPE = YES_ERROR;
				GCC_WARN_UNDECLARED_SELECTOR = YES;
				GCC_WARN_UNINITIALIZED_AUTOS = YES_AGGRESSIVE;
				GCC_WARN_UNUSED_FUNCTION = YES;
				GCC_WARN_UNUSED_VARIABLE = YES;
				IPHONEOS_DEPLOYMENT_TARGET = 17.0;
				LOCALIZATION_PREFERS_STRING_CATALOGS = YES;
				MTL_ENABLE_DEBUG_INFO = NO;
				MTL_FAST_MATH = YES;
				SDKROOT = iphoneos;
				SWIFT_COMPILATION_MODE = wholemodule;
				VALIDATE_PRODUCT = YES;
			};
			name = Release;
		};
		99DF67212CDF96F20058B6B4 /* Debug */ = {
			isa = XCBuildConfiguration;
			buildSettings = {
				ASSETCATALOG_COMPILER_APPICON_NAME = AppIcon;
				ASSETCATALOG_COMPILER_GLOBAL_ACCENT_COLOR_NAME = AccentColor;
				CODE_SIGN_STYLE = Automatic;
				CURRENT_PROJECT_VERSION = 1;
				DEVELOPMENT_ASSET_PATHS = "\"Flag Game/Preview Content\"";
				ENABLE_PREVIEWS = YES;
				GENERATE_INFOPLIST_FILE = YES;
				INFOPLIST_KEY_LSApplicationCategoryType = "public.app-category.arcade-games";
				INFOPLIST_KEY_UIApplicationSceneManifest_Generation = YES;
				INFOPLIST_KEY_UIApplicationSupportsIndirectInputEvents = YES;
				INFOPLIST_KEY_UILaunchScreen_Generation = YES;
				INFOPLIST_KEY_UISupportedInterfaceOrientations_iPad = "UIInterfaceOrientationPortrait UIInterfaceOrientationPortraitUpsideDown UIInterfaceOrientationLandscapeLeft UIInterfaceOrientationLandscapeRight";
				INFOPLIST_KEY_UISupportedInterfaceOrientations_iPhone = "UIInterfaceOrientationPortrait UIInterfaceOrientationLandscapeLeft UIInterfaceOrientationLandscapeRight";
				LD_RUNPATH_SEARCH_PATHS = (
					"$(inherited)",
					"@executable_path/Frameworks",
				);
				MARKETING_VERSION = 2.0;
				PRODUCT_BUNDLE_IDENTIFIER = "com.haniumJoli.Flag-Game";
				PRODUCT_NAME = "$(TARGET_NAME)";
				SWIFT_EMIT_LOC_STRINGS = YES;
				SWIFT_VERSION = 5.0;
				TARGETED_DEVICE_FAMILY = "1,2";
			};
			name = Debug;
		};
		99DF67222CDF96F20058B6B4 /* Release */ = {
			isa = XCBuildConfiguration;
			buildSettings = {
				ASSETCATALOG_COMPILER_APPICON_NAME = AppIcon;
				ASSETCATALOG_COMPILER_GLOBAL_ACCENT_COLOR_NAME = AccentColor;
				CODE_SIGN_STYLE = Automatic;
				CURRENT_PROJECT_VERSION = 1;
				DEVELOPMENT_ASSET_PATHS = "\"Flag Game/Preview Content\"";
				ENABLE_PREVIEWS = YES;
				GENERATE_INFOPLIST_FILE = YES;
				INFOPLIST_KEY_LSApplicationCategoryType = "public.app-category.arcade-games";
				INFOPLIST_KEY_UIApplicationSceneManifest_Generation = YES;
				INFOPLIST_KEY_UIApplicationSupportsIndirectInputEvents = YES;
				INFOPLIST_KEY_UILaunchScreen_Generation = YES;
				INFOPLIST_KEY_UISupportedInterfaceOrientations_iPad = "UIInterfaceOrientationPortrait UIInterfaceOrientationPortraitUpsideDown UIInterfaceOrientationLandscapeLeft UIInterfaceOrientationLandscapeRight";
				INFOPLIST_KEY_UISupportedInterfaceOrientations_iPhone = "UIInterfaceOrientationPortrait UIInterfaceOrientationLandscapeLeft UIInterfaceOrientationLandscapeRight";
				LD_RUNPATH_SEARCH_PATHS = (
					"$(inherited)",
					"@executable_path/Frameworks",
				);
				MARKETING_VERSION = 2.0;
				PRODUCT_BUNDLE_IDENTIFIER = "com.haniumJoli.Flag-Game";
				PRODUCT_NAME = "$(TARGET_NAME)";
				SWIFT_EMIT_LOC_STRINGS = YES;
				SWIFT_VERSION = 5.0;
				TARGETED_DEVICE_FAMILY = "1,2";
			};
			name = Release;
		};
		99DF67242CDF96F20058B6B4 /* Debug */ = {
			isa = XCBuildConfiguration;
			buildSettings = {
				ALWAYS_EMBED_SWIFT_STANDARD_LIBRARIES = YES;
				BUNDLE_LOADER = "$(TEST_HOST)";
				CODE_SIGN_STYLE = Automatic;
				CURRENT_PROJECT_VERSION = 1;
				GENERATE_INFOPLIST_FILE = YES;
				IPHONEOS_DEPLOYMENT_TARGET = 17.0;
				MARKETING_VERSION = 1.0;
				PRODUCT_BUNDLE_IDENTIFIER = "com.abirzishan.Flag-GameTests";
				PRODUCT_NAME = "$(TARGET_NAME)";
				SWIFT_EMIT_LOC_STRINGS = NO;
				SWIFT_VERSION = 5.0;
				TARGETED_DEVICE_FAMILY = "1,2";
				TEST_HOST = "$(BUILT_PRODUCTS_DIR)/Flag Game.app/$(BUNDLE_EXECUTABLE_FOLDER_PATH)/Flag Game";
			};
			name = Debug;
		};
		99DF67252CDF96F20058B6B4 /* Release */ = {
			isa = XCBuildConfiguration;
			buildSettings = {
				ALWAYS_EMBED_SWIFT_STANDARD_LIBRARIES = YES;
				BUNDLE_LOADER = "$(TEST_HOST)";
				CODE_SIGN_STYLE = Automatic;
				CURRENT_PROJECT_VERSION = 1;
				GENERATE_INFOPLIST_FILE = YES;
				IPHONEOS_DEPLOYMENT_TARGET = 17.0;
				MARKETING_VERSION = 1.0;
				PRODUCT_BUNDLE_IDENTIFIER = "com.abirzishan.Flag-GameTests";
				PRODUCT_NAME = "$(TARGET_NAME)";
				SWIFT_EMIT_LOC_STRINGS = NO;
				SWIFT_VERSION = 5.0;
				TARGETED_DEVICE_FAMILY = "1,2";
				TEST_HOST = "$(BUILT_PRODUCTS_DIR)/Flag Game.app/$(BUNDLE_EXECUTABLE_FOLDER_PATH)/Flag Game";
			};
			name = Release;
		};
		99DF67272CDF96F20058B6B4 /* Debug */ = {
			isa = XCBuildConfiguration;
			buildSettings = {
				ALWAYS_EMBED_SWIFT_STANDARD_LIBRARIES = YES;
				CODE_SIGN_STYLE = Automatic;
				CURRENT_PROJECT_VERSION = 1;
				GENERATE_INFOPLIST_FILE = YES;
				MARKETING_VERSION = 1.0;
				PRODUCT_BUNDLE_IDENTIFIER = "com.abirzishan.Flag-GameUITests";
				PRODUCT_NAME = "$(TARGET_NAME)";
				SWIFT_EMIT_LOC_STRINGS = NO;
				SWIFT_VERSION = 5.0;
				TARGETED_DEVICE_FAMILY = "1,2";
				TEST_TARGET_NAME = "Flag Game";
			};
			name = Debug;
		};
		99DF67282CDF96F20058B6B4 /* Release */ = {
			isa = XCBuildConfiguration;
			buildSettings = {
				ALWAYS_EMBED_SWIFT_STANDARD_LIBRARIES = YES;
				CODE_SIGN_STYLE = Automatic;
				CURRENT_PROJECT_VERSION = 1;
				GENERATE_INFOPLIST_FILE = YES;
				MARKETING_VERSION = 1.0;
				PRODUCT_BUNDLE_IDENTIFIER = "com.abirzishan.Flag-GameUITests";
				PRODUCT_NAME = "$(TARGET_NAME)";
				SWIFT_EMIT_LOC_STRINGS = NO;
				SWIFT_VERSION = 5.0;
				TARGETED_DEVICE_FAMILY = "1,2";
				TEST_TARGET_NAME = "Flag Game";
			};
			name = Release;
		};
/* End XCBuildConfiguration section */

/* Begin XCConfigurationList section */
		99DF66F72CDF96F10058B6B4 /* Build configuration list for PBXProject "Flag Game" */ = {
			isa = XCConfigurationList;
			buildConfigurations = (
				99DF671E2CDF96F20058B6B4 /* Debug */,
				99DF671F2CDF96F20058B6B4 /* Release */,
			);
			defaultConfigurationIsVisible = 0;
			defaultConfigurationName = Release;
		};
		99DF67202CDF96F20058B6B4 /* Build configuration list for PBXNativeTarget "Flag Game" */ = {
			isa = XCConfigurationList;
			buildConfigurations = (
				99DF67212CDF96F20058B6B4 /* Debug */,
				99DF67222CDF96F20058B6B4 /* Release */,
			);
			defaultConfigurationIsVisible = 0;
			defaultConfigurationName = Release;
		};
		99DF67232CDF96F20058B6B4 /* Build configuration list for PBXNativeTarget "Flag GameTests" */ = {
			isa = XCConfigurationList;
			buildConfigurations = (
				99DF67242CDF96F20058B6B4 /* Debug */,
				99DF67252CDF96F20058B6B4 /* Release */,
			);
			defaultConfigurationIsVisible = 0;
			defaultConfigurationName = Release;
		};
		99DF67262CDF96F20058B6B4 /* Build configuration list for PBXNativeTarget "Flag GameUITests" */ = {
			isa = XCConfigurationList;
			buildConfigurations = (
				99DF67272CDF96F20058B6B4 /* Debug */,
				99DF67282CDF96F20058B6B4 /* Release */,
			);
			defaultConfigurationIsVisible = 0;
			defaultConfigurationName = Release;
		};
/* End XCConfigurationList section */

/* Begin XCRemoteSwiftPackageReference section */
		99AEBCEA2CF7B123000B0493 /* XCRemoteSwiftPackageReference "firebase-ios-sdk" */ = {
			isa = XCRemoteSwiftPackageReference;
			repositoryURL = "https://github.com/firebase/firebase-ios-sdk.git";
			requirement = {
				kind = upToNextMajorVersion;
				minimumVersion = 11.5.0;
			};
		};
/* End XCRemoteSwiftPackageReference section */

/* Begin XCSwiftPackageProductDependency section */
		99AEBCEB2CF7B5BB000B0493 /* FirebaseAnalytics */ = {
			isa = XCSwiftPackageProductDependency;
			package = 99AEBCEA2CF7B123000B0493 /* XCRemoteSwiftPackageReference "firebase-ios-sdk" */;
			productName = FirebaseAnalytics;
		};
		99AEBCED2CF7B5BB000B0493 /* FirebaseAnalyticsOnDeviceConversion */ = {
			isa = XCSwiftPackageProductDependency;
			package = 99AEBCEA2CF7B123000B0493 /* XCRemoteSwiftPackageReference "firebase-ios-sdk" */;
			productName = FirebaseAnalyticsOnDeviceConversion;
		};
		99AEBCEF2CF7B5BB000B0493 /* FirebaseAnalyticsWithoutAdIdSupport */ = {
			isa = XCSwiftPackageProductDependency;
			package = 99AEBCEA2CF7B123000B0493 /* XCRemoteSwiftPackageReference "firebase-ios-sdk" */;
			productName = FirebaseAnalyticsWithoutAdIdSupport;
		};
		99AEBCF12CF7B5BB000B0493 /* FirebaseAppCheck */ = {
			isa = XCSwiftPackageProductDependency;
			package = 99AEBCEA2CF7B123000B0493 /* XCRemoteSwiftPackageReference "firebase-ios-sdk" */;
			productName = FirebaseAppCheck;
		};
		99AEBCF32CF7B5BB000B0493 /* FirebaseAppDistribution-Beta */ = {
			isa = XCSwiftPackageProductDependency;
			package = 99AEBCEA2CF7B123000B0493 /* XCRemoteSwiftPackageReference "firebase-ios-sdk" */;
			productName = "FirebaseAppDistribution-Beta";
		};
		99AEBCF52CF7B5BB000B0493 /* FirebaseAuth */ = {
			isa = XCSwiftPackageProductDependency;
			package = 99AEBCEA2CF7B123000B0493 /* XCRemoteSwiftPackageReference "firebase-ios-sdk" */;
			productName = FirebaseAuth;
		};
		99AEBCF72CF7B5BB000B0493 /* FirebaseAuthCombine-Community */ = {
			isa = XCSwiftPackageProductDependency;
			package = 99AEBCEA2CF7B123000B0493 /* XCRemoteSwiftPackageReference "firebase-ios-sdk" */;
			productName = "FirebaseAuthCombine-Community";
		};
		99AEBCF92CF7B5BB000B0493 /* FirebaseCore */ = {
			isa = XCSwiftPackageProductDependency;
			package = 99AEBCEA2CF7B123000B0493 /* XCRemoteSwiftPackageReference "firebase-ios-sdk" */;
			productName = FirebaseCore;
		};
		99AEBCFB2CF7B5BB000B0493 /* FirebaseCrashlytics */ = {
			isa = XCSwiftPackageProductDependency;
			package = 99AEBCEA2CF7B123000B0493 /* XCRemoteSwiftPackageReference "firebase-ios-sdk" */;
			productName = FirebaseCrashlytics;
		};
		99AEBCFD2CF7B5BB000B0493 /* FirebaseDatabase */ = {
			isa = XCSwiftPackageProductDependency;
			package = 99AEBCEA2CF7B123000B0493 /* XCRemoteSwiftPackageReference "firebase-ios-sdk" */;
			productName = FirebaseDatabase;
		};
		99AEBCFF2CF7B5BB000B0493 /* FirebaseDynamicLinks */ = {
			isa = XCSwiftPackageProductDependency;
			package = 99AEBCEA2CF7B123000B0493 /* XCRemoteSwiftPackageReference "firebase-ios-sdk" */;
			productName = FirebaseDynamicLinks;
		};
		99AEBD012CF7B5BB000B0493 /* FirebaseFirestore */ = {
			isa = XCSwiftPackageProductDependency;
			package = 99AEBCEA2CF7B123000B0493 /* XCRemoteSwiftPackageReference "firebase-ios-sdk" */;
			productName = FirebaseFirestore;
		};
		99AEBD032CF7B5BB000B0493 /* FirebaseFirestoreCombine-Community */ = {
			isa = XCSwiftPackageProductDependency;
			package = 99AEBCEA2CF7B123000B0493 /* XCRemoteSwiftPackageReference "firebase-ios-sdk" */;
			productName = "FirebaseFirestoreCombine-Community";
		};
		99AEBD052CF7B5BB000B0493 /* FirebaseFunctions */ = {
			isa = XCSwiftPackageProductDependency;
			package = 99AEBCEA2CF7B123000B0493 /* XCRemoteSwiftPackageReference "firebase-ios-sdk" */;
			productName = FirebaseFunctions;
		};
		99AEBD072CF7B5BB000B0493 /* FirebaseFunctionsCombine-Community */ = {
			isa = XCSwiftPackageProductDependency;
			package = 99AEBCEA2CF7B123000B0493 /* XCRemoteSwiftPackageReference "firebase-ios-sdk" */;
			productName = "FirebaseFunctionsCombine-Community";
		};
		99AEBD092CF7B5BB000B0493 /* FirebaseInAppMessaging-Beta */ = {
			isa = XCSwiftPackageProductDependency;
			package = 99AEBCEA2CF7B123000B0493 /* XCRemoteSwiftPackageReference "firebase-ios-sdk" */;
			productName = "FirebaseInAppMessaging-Beta";
		};
		99AEBD0B2CF7B5BB000B0493 /* FirebaseInstallations */ = {
			isa = XCSwiftPackageProductDependency;
			package = 99AEBCEA2CF7B123000B0493 /* XCRemoteSwiftPackageReference "firebase-ios-sdk" */;
			productName = FirebaseInstallations;
		};
		99AEBD0D2CF7B5BB000B0493 /* FirebaseMLModelDownloader */ = {
			isa = XCSwiftPackageProductDependency;
			package = 99AEBCEA2CF7B123000B0493 /* XCRemoteSwiftPackageReference "firebase-ios-sdk" */;
			productName = FirebaseMLModelDownloader;
		};
		99AEBD0F2CF7B5BB000B0493 /* FirebaseMessaging */ = {
			isa = XCSwiftPackageProductDependency;
			package = 99AEBCEA2CF7B123000B0493 /* XCRemoteSwiftPackageReference "firebase-ios-sdk" */;
			productName = FirebaseMessaging;
		};
		99AEBD112CF7B5BB000B0493 /* FirebasePerformance */ = {
			isa = XCSwiftPackageProductDependency;
			package = 99AEBCEA2CF7B123000B0493 /* XCRemoteSwiftPackageReference "firebase-ios-sdk" */;
			productName = FirebasePerformance;
		};
		99AEBD132CF7B5BB000B0493 /* FirebaseRemoteConfig */ = {
			isa = XCSwiftPackageProductDependency;
			package = 99AEBCEA2CF7B123000B0493 /* XCRemoteSwiftPackageReference "firebase-ios-sdk" */;
			productName = FirebaseRemoteConfig;
		};
		99AEBD152CF7B5BB000B0493 /* FirebaseStorage */ = {
			isa = XCSwiftPackageProductDependency;
			package = 99AEBCEA2CF7B123000B0493 /* XCRemoteSwiftPackageReference "firebase-ios-sdk" */;
			productName = FirebaseStorage;
		};
		99AEBD172CF7B5BB000B0493 /* FirebaseStorageCombine-Community */ = {
			isa = XCSwiftPackageProductDependency;
			package = 99AEBCEA2CF7B123000B0493 /* XCRemoteSwiftPackageReference "firebase-ios-sdk" */;
			productName = "FirebaseStorageCombine-Community";
		};
		99AEBD192CF7B5BB000B0493 /* FirebaseVertexAI */ = {
			isa = XCSwiftPackageProductDependency;
			package = 99AEBCEA2CF7B123000B0493 /* XCRemoteSwiftPackageReference "firebase-ios-sdk" */;
			productName = FirebaseVertexAI;
		};
/* End XCSwiftPackageProductDependency section */
	};
	rootObject = 99DF66F42CDF96F10058B6B4 /* Project object */;
}
